// !$*UTF8*$!
{
	archiveVersion = 1;
	classes = {
	};
	objectVersion = 46;
	objects = {

/* Begin PBXBuildFile section */
		21362AB9585042538E4FE18A /* libPods.a in Frameworks */ = {isa = PBXBuildFile; fileRef = 8A91875F5428447CA54082C9 /* libPods.a */; };
		9A73836218078CAE00CB6BD9 /* FlatViewControllerTests.m in Sources */ = {isa = PBXBuildFile; fileRef = 9A73836118078CAE00CB6BD9 /* FlatViewControllerTests.m */; };
		9A73836518078CC700CB6BD9 /* RootViewController.m in Sources */ = {isa = PBXBuildFile; fileRef = 9A73836418078CC700CB6BD9 /* RootViewController.m */; };
		9A73836818078D6100CB6BD9 /* CustomTableViewCellForBookShelf.m in Sources */ = {isa = PBXBuildFile; fileRef = 9A73836718078D6100CB6BD9 /* CustomTableViewCellForBookShelf.m */; };
		9A73836A18078D7B00CB6BD9 /* BookDisplayView.m in Sources */ = {isa = PBXBuildFile; fileRef = 9A73836918078D7B00CB6BD9 /* BookDisplayView.m */; };
		9A73836D18078D8900CB6BD9 /* CustomTableViewCellForFlat.m in Sources */ = {isa = PBXBuildFile; fileRef = 9A73836C18078D8900CB6BD9 /* CustomTableViewCellForFlat.m */; };
		9A73837018078D9D00CB6BD9 /* AppDelegate.m in Sources */ = {isa = PBXBuildFile; fileRef = 9A73836F18078D9D00CB6BD9 /* AppDelegate.m */; };
		9A73837418078F3E00CB6BD9 /* Book.m in Sources */ = {isa = PBXBuildFile; fileRef = 9A73837318078F3E00CB6BD9 /* Book.m */; };
		9A73837718078F7400CB6BD9 /* BooksInfo.m in Sources */ = {isa = PBXBuildFile; fileRef = 9A73837618078F7400CB6BD9 /* BooksInfo.m */; };
		9A73837A18078F8100CB6BD9 /* Image.m in Sources */ = {isa = PBXBuildFile; fileRef = 9A73837918078F8100CB6BD9 /* Image.m */; };
		9A73837D18078F8B00CB6BD9 /* Rating.m in Sources */ = {isa = PBXBuildFile; fileRef = 9A73837C18078F8B00CB6BD9 /* Rating.m */; };
		9A73837F18078F9700CB6BD9 /* Tag.m in Sources */ = {isa = PBXBuildFile; fileRef = 9A73837E18078F9700CB6BD9 /* Tag.m */; };
		DD0F9BA118054C8A00FFAB40 /* BookShelfViewController.m in Sources */ = {isa = PBXBuildFile; fileRef = DD0F9BA018054C8A00FFAB40 /* BookShelfViewController.m */; };
		DD0F9BA418054C9800FFAB40 /* FlatViewController.m in Sources */ = {isa = PBXBuildFile; fileRef = DD0F9BA318054C9800FFAB40 /* FlatViewController.m */; };
		DD0F9BD718054E0B00FFAB40 /* iReader-Info.plist in Resources */ = {isa = PBXBuildFile; fileRef = DD0F9BD618054E0B00FFAB40 /* iReader-Info.plist */; };
		DD0F9BDF18054E8000FFAB40 /* main.m in Sources */ = {isa = PBXBuildFile; fileRef = DD0F9BDD18054E8000FFAB40 /* main.m */; };
		DD0F9C0518054F1C00FFAB40 /* InfoPlist.strings in Resources */ = {isa = PBXBuildFile; fileRef = DD0F9C0318054F1C00FFAB40 /* InfoPlist.strings */; };
		DD0F9C1918054FC700FFAB40 /* Default-568h@2x.png in Resources */ = {isa = PBXBuildFile; fileRef = DD0F9C0A18054FC700FFAB40 /* Default-568h@2x.png */; };
		DD0F9C1A18054FC700FFAB40 /* Default.png in Resources */ = {isa = PBXBuildFile; fileRef = DD0F9C0B18054FC700FFAB40 /* Default.png */; };
		DD0F9C1B18054FC700FFAB40 /* Default@2x.png in Resources */ = {isa = PBXBuildFile; fileRef = DD0F9C0C18054FC700FFAB40 /* Default@2x.png */; };
		DD0F9C1E18054FC700FFAB40 /* list.png in Resources */ = {isa = PBXBuildFile; fileRef = DD0F9C0F18054FC700FFAB40 /* list.png */; };
		DD0F9C1F18054FC700FFAB40 /* loading.png in Resources */ = {isa = PBXBuildFile; fileRef = DD0F9C1018054FC700FFAB40 /* loading.png */; };
		DD0F9C2018054FC700FFAB40 /* settings.png in Resources */ = {isa = PBXBuildFile; fileRef = DD0F9C1118054FC700FFAB40 /* settings.png */; };
		DD0F9C2318054FC700FFAB40 /* 背景@2x(2).png in Resources */ = {isa = PBXBuildFile; fileRef = DD0F9C1418054FC700FFAB40 /* 背景@2x(2).png */; };
		DD0F9C2718054FD500FFAB40 /* Communicator.m in Sources */ = {isa = PBXBuildFile; fileRef = DD0F9C2518054FD500FFAB40 /* Communicator.m */; };
		DD528AF117F693B800F8A826 /* UIKit.framework in Frameworks */ = {isa = PBXBuildFile; fileRef = DD528AF017F693B800F8A826 /* UIKit.framework */; };
		DD528AF317F693B800F8A826 /* Foundation.framework in Frameworks */ = {isa = PBXBuildFile; fileRef = DD528AF217F693B800F8A826 /* Foundation.framework */; };
		DD528AF517F693B800F8A826 /* CoreGraphics.framework in Frameworks */ = {isa = PBXBuildFile; fileRef = DD528AF417F693B800F8A826 /* CoreGraphics.framework */; };
		DD528B1817F693B800F8A826 /* SenTestingKit.framework in Frameworks */ = {isa = PBXBuildFile; fileRef = DD528B1717F693B800F8A826 /* SenTestingKit.framework */; };
		DD528B1917F693B800F8A826 /* UIKit.framework in Frameworks */ = {isa = PBXBuildFile; fileRef = DD528AF017F693B800F8A826 /* UIKit.framework */; };
		DD528B1A17F693B800F8A826 /* Foundation.framework in Frameworks */ = {isa = PBXBuildFile; fileRef = DD528AF217F693B800F8A826 /* Foundation.framework */; };
		DD528B2F17F6A37200F8A826 /* CoreData.framework in Frameworks */ = {isa = PBXBuildFile; fileRef = DD528B2E17F6A37200F8A826 /* CoreData.framework */; };
		DD528B3117F6A38500F8A826 /* Security.framework in Frameworks */ = {isa = PBXBuildFile; fileRef = DD528B3017F6A38500F8A826 /* Security.framework */; };
		DD9B573E180FFA770069514D /* AutoLayoutControl.m in Sources */ = {isa = PBXBuildFile; fileRef = DD9B573D180FFA770069514D /* AutoLayoutControl.m */; };
		DDD8A69C17F9A359006E5444 /* CFNetwork.framework in Frameworks */ = {isa = PBXBuildFile; fileRef = DDD8A69B17F9A359006E5444 /* CFNetwork.framework */; };
		DDF714C017FC030700360692 /* QuartzCore.framework in Frameworks */ = {isa = PBXBuildFile; fileRef = DDF714BF17FC030700360692 /* QuartzCore.framework */; };
/* End PBXBuildFile section */

/* Begin PBXContainerItemProxy section */
		DD528B1B17F693B800F8A826 /* PBXContainerItemProxy */ = {
			isa = PBXContainerItemProxy;
			containerPortal = DD528AE517F693B700F8A826 /* Project object */;
			proxyType = 1;
			remoteGlobalIDString = DD528AEC17F693B800F8A826;
			remoteInfo = iReader;
		};
/* End PBXContainerItemProxy section */

/* Begin PBXFileReference section */
		8A91875F5428447CA54082C9 /* libPods.a */ = {isa = PBXFileReference; explicitFileType = archive.ar; includeInIndex = 0; path = libPods.a; sourceTree = BUILT_PRODUCTS_DIR; };
		8F76BDFE41A044BE82E01710 /* Pods.xcconfig */ = {isa = PBXFileReference; includeInIndex = 1; lastKnownFileType = text.xcconfig; name = Pods.xcconfig; path = Pods/Pods.xcconfig; sourceTree = "<group>"; };
		9A73836018078CAE00CB6BD9 /* FlatViewControllerTests.h */ = {isa = PBXFileReference; fileEncoding = 4; lastKnownFileType = sourcecode.c.h; path = FlatViewControllerTests.h; sourceTree = "<group>"; };
		9A73836118078CAE00CB6BD9 /* FlatViewControllerTests.m */ = {isa = PBXFileReference; fileEncoding = 4; lastKnownFileType = sourcecode.c.objc; path = FlatViewControllerTests.m; sourceTree = "<group>"; };
		9A73836318078CC700CB6BD9 /* RootViewController.h */ = {isa = PBXFileReference; fileEncoding = 4; lastKnownFileType = sourcecode.c.h; path = RootViewController.h; sourceTree = "<group>"; };
		9A73836418078CC700CB6BD9 /* RootViewController.m */ = {isa = PBXFileReference; fileEncoding = 4; lastKnownFileType = sourcecode.c.objc; path = RootViewController.m; sourceTree = "<group>"; };
		9A73836618078D6100CB6BD9 /* CustomTableViewCellForBookShelf.h */ = {isa = PBXFileReference; fileEncoding = 4; lastKnownFileType = sourcecode.c.h; path = CustomTableViewCellForBookShelf.h; sourceTree = "<group>"; };
		9A73836718078D6100CB6BD9 /* CustomTableViewCellForBookShelf.m */ = {isa = PBXFileReference; fileEncoding = 4; lastKnownFileType = sourcecode.c.objc; path = CustomTableViewCellForBookShelf.m; sourceTree = "<group>"; };
		9A73836918078D7B00CB6BD9 /* BookDisplayView.m */ = {isa = PBXFileReference; fileEncoding = 4; lastKnownFileType = sourcecode.c.objc; path = BookDisplayView.m; sourceTree = "<group>"; };
		9A73836B18078D8900CB6BD9 /* CustomTableViewCellForFlat.h */ = {isa = PBXFileReference; fileEncoding = 4; lastKnownFileType = sourcecode.c.h; path = CustomTableViewCellForFlat.h; sourceTree = "<group>"; };
		9A73836C18078D8900CB6BD9 /* CustomTableViewCellForFlat.m */ = {isa = PBXFileReference; fileEncoding = 4; lastKnownFileType = sourcecode.c.objc; path = CustomTableViewCellForFlat.m; sourceTree = "<group>"; };
		9A73836E18078D9D00CB6BD9 /* AppDelegate.h */ = {isa = PBXFileReference; fileEncoding = 4; lastKnownFileType = sourcecode.c.h; path = AppDelegate.h; sourceTree = "<group>"; };
		9A73836F18078D9D00CB6BD9 /* AppDelegate.m */ = {isa = PBXFileReference; fileEncoding = 4; lastKnownFileType = sourcecode.c.objc; path = AppDelegate.m; sourceTree = "<group>"; };
		9A73837118078E2500CB6BD9 /* BookDisplayView.h */ = {isa = PBXFileReference; fileEncoding = 4; lastKnownFileType = sourcecode.c.h; path = BookDisplayView.h; sourceTree = "<group>"; };
		9A73837218078F3E00CB6BD9 /* Book.h */ = {isa = PBXFileReference; fileEncoding = 4; lastKnownFileType = sourcecode.c.h; path = Book.h; sourceTree = "<group>"; };
		9A73837318078F3E00CB6BD9 /* Book.m */ = {isa = PBXFileReference; fileEncoding = 4; lastKnownFileType = sourcecode.c.objc; path = Book.m; sourceTree = "<group>"; };
		9A73837518078F7400CB6BD9 /* BooksInfo.h */ = {isa = PBXFileReference; fileEncoding = 4; lastKnownFileType = sourcecode.c.h; path = BooksInfo.h; sourceTree = "<group>"; };
		9A73837618078F7400CB6BD9 /* BooksInfo.m */ = {isa = PBXFileReference; fileEncoding = 4; lastKnownFileType = sourcecode.c.objc; path = BooksInfo.m; sourceTree = "<group>"; };
		9A73837818078F8100CB6BD9 /* Image.h */ = {isa = PBXFileReference; fileEncoding = 4; lastKnownFileType = sourcecode.c.h; path = Image.h; sourceTree = "<group>"; };
		9A73837918078F8100CB6BD9 /* Image.m */ = {isa = PBXFileReference; fileEncoding = 4; lastKnownFileType = sourcecode.c.objc; path = Image.m; sourceTree = "<group>"; };
		9A73837B18078F8B00CB6BD9 /* Rating.h */ = {isa = PBXFileReference; fileEncoding = 4; lastKnownFileType = sourcecode.c.h; path = Rating.h; sourceTree = "<group>"; };
		9A73837C18078F8B00CB6BD9 /* Rating.m */ = {isa = PBXFileReference; fileEncoding = 4; lastKnownFileType = sourcecode.c.objc; path = Rating.m; sourceTree = "<group>"; };
		9A73837E18078F9700CB6BD9 /* Tag.m */ = {isa = PBXFileReference; fileEncoding = 4; lastKnownFileType = sourcecode.c.objc; path = Tag.m; sourceTree = "<group>"; };
		9A73838018078F9D00CB6BD9 /* Tag.h */ = {isa = PBXFileReference; fileEncoding = 4; lastKnownFileType = sourcecode.c.h; path = Tag.h; sourceTree = "<group>"; };
		DD0F9B9F18054C8A00FFAB40 /* BookShelfViewController.h */ = {isa = PBXFileReference; fileEncoding = 4; lastKnownFileType = sourcecode.c.h; name = BookShelfViewController.h; path = iReader/Controllers/BookShelfController/BookShelfViewController.h; sourceTree = SOURCE_ROOT; };
		DD0F9BA018054C8A00FFAB40 /* BookShelfViewController.m */ = {isa = PBXFileReference; fileEncoding = 4; lastKnownFileType = sourcecode.c.objc; name = BookShelfViewController.m; path = iReader/Controllers/BookShelfController/BookShelfViewController.m; sourceTree = SOURCE_ROOT; };
		DD0F9BA218054C9800FFAB40 /* FlatViewController.h */ = {isa = PBXFileReference; fileEncoding = 4; lastKnownFileType = sourcecode.c.h; name = FlatViewController.h; path = iReader/Controllers/FlatViewController/FlatViewController.h; sourceTree = SOURCE_ROOT; };
		DD0F9BA318054C9800FFAB40 /* FlatViewController.m */ = {isa = PBXFileReference; fileEncoding = 4; lastKnownFileType = sourcecode.c.objc; name = FlatViewController.m; path = iReader/Controllers/FlatViewController/FlatViewController.m; sourceTree = SOURCE_ROOT; };
		DD0F9BD618054E0B00FFAB40 /* iReader-Info.plist */ = {isa = PBXFileReference; fileEncoding = 4; lastKnownFileType = text.plist.xml; name = "iReader-Info.plist"; path = "iReader/iReader-Info.plist"; sourceTree = SOURCE_ROOT; };
		DD0F9BD818054E8000FFAB40 /* Config.h */ = {isa = PBXFileReference; fileEncoding = 4; lastKnownFileType = sourcecode.c.h; name = Config.h; path = iReader/Config.h; sourceTree = SOURCE_ROOT; };
		DD0F9BDC18054E8000FFAB40 /* iReader-Prefix.pch */ = {isa = PBXFileReference; fileEncoding = 4; lastKnownFileType = sourcecode.c.h; name = "iReader-Prefix.pch"; path = "iReader/iReader-Prefix.pch"; sourceTree = SOURCE_ROOT; };
		DD0F9BDD18054E8000FFAB40 /* main.m */ = {isa = PBXFileReference; fileEncoding = 4; lastKnownFileType = sourcecode.c.objc; name = main.m; path = iReader/main.m; sourceTree = SOURCE_ROOT; };
		DD0F9C0418054F1C00FFAB40 /* en */ = {isa = PBXFileReference; lastKnownFileType = text.plist.strings; name = en; path = iReader/en.lproj/InfoPlist.strings; sourceTree = SOURCE_ROOT; };
		DD0F9C0A18054FC700FFAB40 /* Default-568h@2x.png */ = {isa = PBXFileReference; lastKnownFileType = image.png; name = "Default-568h@2x.png"; path = "iReader/Support Files/Images/Default-568h@2x.png"; sourceTree = SOURCE_ROOT; };
		DD0F9C0B18054FC700FFAB40 /* Default.png */ = {isa = PBXFileReference; lastKnownFileType = image.png; name = Default.png; path = "iReader/Support Files/Images/Default.png"; sourceTree = SOURCE_ROOT; };
		DD0F9C0C18054FC700FFAB40 /* Default@2x.png */ = {isa = PBXFileReference; lastKnownFileType = image.png; name = "Default@2x.png"; path = "iReader/Support Files/Images/Default@2x.png"; sourceTree = SOURCE_ROOT; };
		DD0F9C0F18054FC700FFAB40 /* list.png */ = {isa = PBXFileReference; lastKnownFileType = image.png; name = list.png; path = "iReader/Support Files/Images/list.png"; sourceTree = SOURCE_ROOT; };
		DD0F9C1018054FC700FFAB40 /* loading.png */ = {isa = PBXFileReference; lastKnownFileType = image.png; name = loading.png; path = "iReader/Support Files/Images/loading.png"; sourceTree = SOURCE_ROOT; };
		DD0F9C1118054FC700FFAB40 /* settings.png */ = {isa = PBXFileReference; lastKnownFileType = image.png; name = settings.png; path = "iReader/Support Files/Images/settings.png"; sourceTree = SOURCE_ROOT; };
		DD0F9C1418054FC700FFAB40 /* 背景@2x(2).png */ = {isa = PBXFileReference; lastKnownFileType = image.png; name = "背景@2x(2).png"; path = "iReader/Support Files/Images/背景@2x(2).png"; sourceTree = SOURCE_ROOT; };
		DD0F9C2418054FD500FFAB40 /* Communicator.h */ = {isa = PBXFileReference; fileEncoding = 4; lastKnownFileType = sourcecode.c.h; name = Communicator.h; path = "iReader/Support Files/Communicator/Communicator.h"; sourceTree = SOURCE_ROOT; };
		DD0F9C2518054FD500FFAB40 /* Communicator.m */ = {isa = PBXFileReference; fileEncoding = 4; lastKnownFileType = sourcecode.c.objc; name = Communicator.m; path = "iReader/Support Files/Communicator/Communicator.m"; sourceTree = SOURCE_ROOT; };
		DD0F9C2618054FD500FFAB40 /* iReadercommunicatorDelegate.h */ = {isa = PBXFileReference; fileEncoding = 4; lastKnownFileType = sourcecode.c.h; name = iReadercommunicatorDelegate.h; path = "iReader/Support Files/Communicator/iReadercommunicatorDelegate.h"; sourceTree = SOURCE_ROOT; };
		DD0F9C2818054FE300FFAB40 /* BlockDef.h */ = {isa = PBXFileReference; fileEncoding = 4; lastKnownFileType = sourcecode.c.h; name = BlockDef.h; path = "iReader/Support Files/BlockDef/BlockDef.h"; sourceTree = SOURCE_ROOT; };
		DD528AED17F693B800F8A826 /* iReader.app */ = {isa = PBXFileReference; explicitFileType = wrapper.application; includeInIndex = 0; path = iReader.app; sourceTree = BUILT_PRODUCTS_DIR; };
		DD528AF017F693B800F8A826 /* UIKit.framework */ = {isa = PBXFileReference; lastKnownFileType = wrapper.framework; name = UIKit.framework; path = System/Library/Frameworks/UIKit.framework; sourceTree = SDKROOT; };
		DD528AF217F693B800F8A826 /* Foundation.framework */ = {isa = PBXFileReference; lastKnownFileType = wrapper.framework; name = Foundation.framework; path = System/Library/Frameworks/Foundation.framework; sourceTree = SDKROOT; };
		DD528AF417F693B800F8A826 /* CoreGraphics.framework */ = {isa = PBXFileReference; lastKnownFileType = wrapper.framework; name = CoreGraphics.framework; path = System/Library/Frameworks/CoreGraphics.framework; sourceTree = SDKROOT; };
		DD528B1617F693B800F8A826 /* iReaderTests.octest */ = {isa = PBXFileReference; explicitFileType = wrapper.cfbundle; includeInIndex = 0; path = iReaderTests.octest; sourceTree = BUILT_PRODUCTS_DIR; };
		DD528B1717F693B800F8A826 /* SenTestingKit.framework */ = {isa = PBXFileReference; lastKnownFileType = wrapper.framework; name = SenTestingKit.framework; path = Library/Frameworks/SenTestingKit.framework; sourceTree = DEVELOPER_DIR; };
		DD528B2E17F6A37200F8A826 /* CoreData.framework */ = {isa = PBXFileReference; lastKnownFileType = wrapper.framework; name = CoreData.framework; path = System/Library/Frameworks/CoreData.framework; sourceTree = SDKROOT; };
		DD528B3017F6A38500F8A826 /* Security.framework */ = {isa = PBXFileReference; lastKnownFileType = wrapper.framework; name = Security.framework; path = System/Library/Frameworks/Security.framework; sourceTree = SDKROOT; };
		DD9B573C180FFA770069514D /* AutoLayoutControl.h */ = {isa = PBXFileReference; fileEncoding = 4; lastKnownFileType = sourcecode.c.h; path = AutoLayoutControl.h; sourceTree = "<group>"; };
		DD9B573D180FFA770069514D /* AutoLayoutControl.m */ = {isa = PBXFileReference; fileEncoding = 4; lastKnownFileType = sourcecode.c.objc; path = AutoLayoutControl.m; sourceTree = "<group>"; };
		DDD8A69B17F9A359006E5444 /* CFNetwork.framework */ = {isa = PBXFileReference; lastKnownFileType = wrapper.framework; name = CFNetwork.framework; path = System/Library/Frameworks/CFNetwork.framework; sourceTree = SDKROOT; };
		DDF714BF17FC030700360692 /* QuartzCore.framework */ = {isa = PBXFileReference; lastKnownFileType = wrapper.framework; name = QuartzCore.framework; path = System/Library/Frameworks/QuartzCore.framework; sourceTree = SDKROOT; };
/* End PBXFileReference section */

/* Begin PBXFrameworksBuildPhase section */
		DD528AEA17F693B800F8A826 /* Frameworks */ = {
			isa = PBXFrameworksBuildPhase;
			buildActionMask = 2147483647;
			files = (
				DDF714C017FC030700360692 /* QuartzCore.framework in Frameworks */,
				DDD8A69C17F9A359006E5444 /* CFNetwork.framework in Frameworks */,
				DD528B3117F6A38500F8A826 /* Security.framework in Frameworks */,
				DD528B2F17F6A37200F8A826 /* CoreData.framework in Frameworks */,
				DD528AF117F693B800F8A826 /* UIKit.framework in Frameworks */,
				DD528AF317F693B800F8A826 /* Foundation.framework in Frameworks */,
				DD528AF517F693B800F8A826 /* CoreGraphics.framework in Frameworks */,
				21362AB9585042538E4FE18A /* libPods.a in Frameworks */,
			);
			runOnlyForDeploymentPostprocessing = 0;
		};
		DD528B1217F693B800F8A826 /* Frameworks */ = {
			isa = PBXFrameworksBuildPhase;
			buildActionMask = 2147483647;
			files = (
				DD528B1817F693B800F8A826 /* SenTestingKit.framework in Frameworks */,
				DD528B1917F693B800F8A826 /* UIKit.framework in Frameworks */,
				DD528B1A17F693B800F8A826 /* Foundation.framework in Frameworks */,
			);
			runOnlyForDeploymentPostprocessing = 0;
		};
/* End PBXFrameworksBuildPhase section */

/* Begin PBXGroup section */
		9A54C31217FFF5B10014B7E6 /* iReaderTests */ = {
			isa = PBXGroup;
			children = (
				9A8CB2181801053000A5D6B6 /* FlatViewControllerTests */,
			);
			path = iReaderTests;
			sourceTree = "<group>";
		};
		9A8CB2181801053000A5D6B6 /* FlatViewControllerTests */ = {
			isa = PBXGroup;
			children = (
				9A73836018078CAE00CB6BD9 /* FlatViewControllerTests.h */,
				9A73836118078CAE00CB6BD9 /* FlatViewControllerTests.m */,
			);
			path = FlatViewControllerTests;
			sourceTree = "<group>";
		};
		DD0F9B8618054AF700FFAB40 /* Models */ = {
			isa = PBXGroup;
			children = (
				DD0F9B8718054AF700FFAB40 /* Book */,
				DD0F9B8A18054AF700FFAB40 /* BooksInfo */,
				DD0F9B8D18054AF700FFAB40 /* Image */,
				DD0F9B9018054AF700FFAB40 /* Rating */,
				DD0F9B9318054AF700FFAB40 /* Tag */,
			);
			path = Models;
			sourceTree = "<group>";
		};
		DD0F9B8718054AF700FFAB40 /* Book */ = {
			isa = PBXGroup;
			children = (
				9A73837218078F3E00CB6BD9 /* Book.h */,
				9A73837318078F3E00CB6BD9 /* Book.m */,
			);
			path = Book;
			sourceTree = "<group>";
		};
		DD0F9B8A18054AF700FFAB40 /* BooksInfo */ = {
			isa = PBXGroup;
			children = (
				9A73837518078F7400CB6BD9 /* BooksInfo.h */,
				9A73837618078F7400CB6BD9 /* BooksInfo.m */,
			);
			path = BooksInfo;
			sourceTree = "<group>";
		};
		DD0F9B8D18054AF700FFAB40 /* Image */ = {
			isa = PBXGroup;
			children = (
				9A73837818078F8100CB6BD9 /* Image.h */,
				9A73837918078F8100CB6BD9 /* Image.m */,
			);
			path = Image;
			sourceTree = "<group>";
		};
		DD0F9B9018054AF700FFAB40 /* Rating */ = {
			isa = PBXGroup;
			children = (
				9A73837B18078F8B00CB6BD9 /* Rating.h */,
				9A73837C18078F8B00CB6BD9 /* Rating.m */,
			);
			path = Rating;
			sourceTree = "<group>";
		};
		DD0F9B9318054AF700FFAB40 /* Tag */ = {
			isa = PBXGroup;
			children = (
				9A73838018078F9D00CB6BD9 /* Tag.h */,
				9A73837E18078F9700CB6BD9 /* Tag.m */,
			);
			path = Tag;
			sourceTree = "<group>";
		};
		DD0F9B9B18054B2700FFAB40 /* CustomeTableViewCellForRootView */ = {
			isa = PBXGroup;
			children = (
				9A73836618078D6100CB6BD9 /* CustomTableViewCellForBookShelf.h */,
				9A73836718078D6100CB6BD9 /* CustomTableViewCellForBookShelf.m */,
			);
			path = CustomeTableViewCellForRootView;
			sourceTree = "<group>";
		};
		DD0F9BA618054D9D00FFAB40 /* Support Files */ = {
			isa = PBXGroup;
			children = (
				DD9B573B180FFA570069514D /* AutoLayoutControl */,
				DD0F9BB018054D9D00FFAB40 /* Images */,
				DD0F9BA918054D9D00FFAB40 /* Communicator */,
				DD0F9BA718054D9D00FFAB40 /* BlockDef */,
				DD0F9C0318054F1C00FFAB40 /* InfoPlist.strings */,
				DD0F9BD818054E8000FFAB40 /* Config.h */,
				DD0F9BDC18054E8000FFAB40 /* iReader-Prefix.pch */,
				DD0F9BDD18054E8000FFAB40 /* main.m */,
				DD0F9BD618054E0B00FFAB40 /* iReader-Info.plist */,
			);
			name = "Support Files";
			path = "Supporting Files";
			sourceTree = "<group>";
		};
		DD0F9BA718054D9D00FFAB40 /* BlockDef */ = {
			isa = PBXGroup;
			children = (
				DD0F9C2818054FE300FFAB40 /* BlockDef.h */,
			);
			path = BlockDef;
			sourceTree = "<group>";
		};
		DD0F9BA918054D9D00FFAB40 /* Communicator */ = {
			isa = PBXGroup;
			children = (
				DD0F9C2418054FD500FFAB40 /* Communicator.h */,
				DD0F9C2518054FD500FFAB40 /* Communicator.m */,
				DD0F9C2618054FD500FFAB40 /* iReadercommunicatorDelegate.h */,
			);
			path = Communicator;
			sourceTree = "<group>";
		};
		DD0F9BB018054D9D00FFAB40 /* Images */ = {
			isa = PBXGroup;
			children = (
				DD0F9C0A18054FC700FFAB40 /* Default-568h@2x.png */,
				DD0F9C0B18054FC700FFAB40 /* Default.png */,
				DD0F9C0C18054FC700FFAB40 /* Default@2x.png */,
				DD0F9C0F18054FC700FFAB40 /* list.png */,
				DD0F9C1018054FC700FFAB40 /* loading.png */,
				DD0F9C1118054FC700FFAB40 /* settings.png */,
				DD0F9C1418054FC700FFAB40 /* 背景@2x(2).png */,
			);
			path = Images;
			sourceTree = "<group>";
		};
		DD0F9C291805500100FFAB40 /* AppDelegate */ = {
			isa = PBXGroup;
			children = (
				9A73836E18078D9D00CB6BD9 /* AppDelegate.h */,
				9A73836F18078D9D00CB6BD9 /* AppDelegate.m */,
			);
			path = AppDelegate;
			sourceTree = "<group>";
		};
		DD19CB0417FAA16F009EC77E /* BookShelfController */ = {
			isa = PBXGroup;
			children = (
				DD0F9B9F18054C8A00FFAB40 /* BookShelfViewController.h */,
				DD0F9BA018054C8A00FFAB40 /* BookShelfViewController.m */,
			);
			name = BookShelfController;
			path = BookShelf;
			sourceTree = "<group>";
		};
		DD19CB0517FAA16F009EC77E /* FlatViewController */ = {
			isa = PBXGroup;
			children = (
				DD0F9BA218054C9800FFAB40 /* FlatViewController.h */,
				DD0F9BA318054C9800FFAB40 /* FlatViewController.m */,
			);
			name = FlatViewController;
			path = FlatView;
			sourceTree = "<group>";
		};
		DD19CB0917FAA1B6009EC77E /* BookShelfView */ = {
			isa = PBXGroup;
			children = (
				9A73837118078E2500CB6BD9 /* BookDisplayView.h */,
				9A73836918078D7B00CB6BD9 /* BookDisplayView.m */,
			);
			path = BookShelfView;
			sourceTree = "<group>";
		};
		DD19CB0A17FAA1B6009EC77E /* ListFlatView */ = {
			isa = PBXGroup;
			children = (
				9A73836B18078D8900CB6BD9 /* CustomTableViewCellForFlat.h */,
				9A73836C18078D8900CB6BD9 /* CustomTableViewCellForFlat.m */,
			);
			path = ListFlatView;
			sourceTree = "<group>";
		};
		DD528AE417F693B700F8A826 = {
			isa = PBXGroup;
			children = (
				DD528AF617F693B800F8A826 /* iReader */,
				DD528AEF17F693B800F8A826 /* Frameworks */,
				DD528AEE17F693B800F8A826 /* Products */,
				8F76BDFE41A044BE82E01710 /* Pods.xcconfig */,
			);
			sourceTree = "<group>";
		};
		DD528AEE17F693B800F8A826 /* Products */ = {
			isa = PBXGroup;
			children = (
				DD528AED17F693B800F8A826 /* iReader.app */,
				DD528B1617F693B800F8A826 /* iReaderTests.octest */,
			);
			name = Products;
			sourceTree = "<group>";
		};
		DD528AEF17F693B800F8A826 /* Frameworks */ = {
			isa = PBXGroup;
			children = (
				DDF714BF17FC030700360692 /* QuartzCore.framework */,
				DDD8A69B17F9A359006E5444 /* CFNetwork.framework */,
				DD528B3017F6A38500F8A826 /* Security.framework */,
				DD528B2E17F6A37200F8A826 /* CoreData.framework */,
				DD528AF017F693B800F8A826 /* UIKit.framework */,
				DD528AF217F693B800F8A826 /* Foundation.framework */,
				DD528AF417F693B800F8A826 /* CoreGraphics.framework */,
				DD528B1717F693B800F8A826 /* SenTestingKit.framework */,
				8A91875F5428447CA54082C9 /* libPods.a */,
			);
			name = Frameworks;
			sourceTree = "<group>";
		};
		DD528AF617F693B800F8A826 /* iReader */ = {
			isa = PBXGroup;
			children = (
				DD0F9C291805500100FFAB40 /* AppDelegate */,
				DD0F9BA618054D9D00FFAB40 /* Support Files */,
				9A54C31217FFF5B10014B7E6 /* iReaderTests */,
				DD0F9B8618054AF700FFAB40 /* Models */,
				DD528B6217F709E300F8A826 /* Controllers */,
				DD528B6317F709E300F8A826 /* Views */,
			);
			path = iReader;
			sourceTree = "<group>";
		};
		DD528B6217F709E300F8A826 /* Controllers */ = {
			isa = PBXGroup;
			children = (
				DDE01B9B17FDA4E200FCDDB2 /* RootController */,
				DD19CB0417FAA16F009EC77E /* BookShelfController */,
				DD19CB0517FAA16F009EC77E /* FlatViewController */,
			);
			path = Controllers;
			sourceTree = "<group>";
		};
		DD528B6317F709E300F8A826 /* Views */ = {
			isa = PBXGroup;
			children = (
				DD0F9B9B18054B2700FFAB40 /* CustomeTableViewCellForRootView */,
				DD19CB0917FAA1B6009EC77E /* BookShelfView */,
				DD19CB0A17FAA1B6009EC77E /* ListFlatView */,
			);
			path = Views;
			sourceTree = "<group>";
		};
		DD9B573B180FFA570069514D /* AutoLayoutControl */ = {
			isa = PBXGroup;
			children = (
				DD9B573C180FFA770069514D /* AutoLayoutControl.h */,
				DD9B573D180FFA770069514D /* AutoLayoutControl.m */,
			);
			name = AutoLayoutControl;
			path = "iReader/Support Files/AutoLayoutControl";
			sourceTree = SOURCE_ROOT;
		};
		DDE01B9B17FDA4E200FCDDB2 /* RootController */ = {
			isa = PBXGroup;
			children = (
				9A73836318078CC700CB6BD9 /* RootViewController.h */,
				9A73836418078CC700CB6BD9 /* RootViewController.m */,
			);
			path = RootController;
			sourceTree = "<group>";
		};
/* End PBXGroup section */

/* Begin PBXNativeTarget section */
		DD528AEC17F693B800F8A826 /* iReader */ = {
			isa = PBXNativeTarget;
			buildConfigurationList = DD528B2817F693B800F8A826 /* Build configuration list for PBXNativeTarget "iReader" */;
			buildPhases = (
				FEFB1F388D5048928614558F /* Check Pods Manifest.lock */,
				DD528AE917F693B800F8A826 /* Sources */,
				DD528AEA17F693B800F8A826 /* Frameworks */,
				DD528AEB17F693B800F8A826 /* Resources */,
				274942B44A804BFF9F37F11B /* Copy Pods Resources */,
			);
			buildRules = (
			);
			dependencies = (
			);
			name = iReader;
			productName = iReader;
			productReference = DD528AED17F693B800F8A826 /* iReader.app */;
			productType = "com.apple.product-type.application";
		};
		DD528B1517F693B800F8A826 /* iReaderTests */ = {
			isa = PBXNativeTarget;
			buildConfigurationList = DD528B2B17F693B800F8A826 /* Build configuration list for PBXNativeTarget "iReaderTests" */;
			buildPhases = (
				DD528B1117F693B800F8A826 /* Sources */,
				DD528B1217F693B800F8A826 /* Frameworks */,
				DD528B1317F693B800F8A826 /* Resources */,
				DD528B1417F693B800F8A826 /* ShellScript */,
			);
			buildRules = (
			);
			dependencies = (
				DD528B1C17F693B800F8A826 /* PBXTargetDependency */,
			);
			name = iReaderTests;
			productName = iReaderTests;
			productReference = DD528B1617F693B800F8A826 /* iReaderTests.octest */;
			productType = "com.apple.product-type.bundle";
		};
/* End PBXNativeTarget section */

/* Begin PBXProject section */
		DD528AE517F693B700F8A826 /* Project object */ = {
			isa = PBXProject;
			attributes = {
				LastUpgradeCheck = 0460;
				ORGANIZATIONNAME = zhao;
			};
			buildConfigurationList = DD528AE817F693B700F8A826 /* Build configuration list for PBXProject "iReader" */;
			compatibilityVersion = "Xcode 3.2";
			developmentRegion = English;
			hasScannedForEncodings = 0;
			knownRegions = (
				en,
			);
			mainGroup = DD528AE417F693B700F8A826;
			productRefGroup = DD528AEE17F693B800F8A826 /* Products */;
			projectDirPath = "";
			projectRoot = "";
			targets = (
				DD528AEC17F693B800F8A826 /* iReader */,
				DD528B1517F693B800F8A826 /* iReaderTests */,
			);
		};
/* End PBXProject section */

/* Begin PBXResourcesBuildPhase section */
		DD528AEB17F693B800F8A826 /* Resources */ = {
			isa = PBXResourcesBuildPhase;
			buildActionMask = 2147483647;
			files = (
				DD0F9BD718054E0B00FFAB40 /* iReader-Info.plist in Resources */,
				DD0F9C0518054F1C00FFAB40 /* InfoPlist.strings in Resources */,
				DD0F9C1918054FC700FFAB40 /* Default-568h@2x.png in Resources */,
				DD0F9C1A18054FC700FFAB40 /* Default.png in Resources */,
				DD0F9C1B18054FC700FFAB40 /* Default@2x.png in Resources */,
				DD0F9C1E18054FC700FFAB40 /* list.png in Resources */,
				DD0F9C1F18054FC700FFAB40 /* loading.png in Resources */,
				DD0F9C2018054FC700FFAB40 /* settings.png in Resources */,
				DD0F9C2318054FC700FFAB40 /* 背景@2x(2).png in Resources */,
			);
			runOnlyForDeploymentPostprocessing = 0;
		};
		DD528B1317F693B800F8A826 /* Resources */ = {
			isa = PBXResourcesBuildPhase;
			buildActionMask = 2147483647;
			files = (
			);
			runOnlyForDeploymentPostprocessing = 0;
		};
/* End PBXResourcesBuildPhase section */

/* Begin PBXShellScriptBuildPhase section */
		274942B44A804BFF9F37F11B /* Copy Pods Resources */ = {
			isa = PBXShellScriptBuildPhase;
			buildActionMask = 2147483647;
			files = (
			);
			inputPaths = (
			);
			name = "Copy Pods Resources";
			outputPaths = (
			);
			runOnlyForDeploymentPostprocessing = 0;
			shellPath = /bin/sh;
			shellScript = "\"${SRCROOT}/Pods/Pods-resources.sh\"\n";
			showEnvVarsInLog = 0;
		};
		DD528B1417F693B800F8A826 /* ShellScript */ = {
			isa = PBXShellScriptBuildPhase;
			buildActionMask = 2147483647;
			files = (
			);
			inputPaths = (
			);
			outputPaths = (
			);
			runOnlyForDeploymentPostprocessing = 0;
			shellPath = /bin/sh;
			shellScript = "# Run the unit tests in this test bundle.\n\"${SYSTEM_DEVELOPER_DIR}/Tools/RunUnitTests\"\n";
		};
		FEFB1F388D5048928614558F /* Check Pods Manifest.lock */ = {
			isa = PBXShellScriptBuildPhase;
			buildActionMask = 2147483647;
			files = (
			);
			inputPaths = (
			);
			name = "Check Pods Manifest.lock";
			outputPaths = (
			);
			runOnlyForDeploymentPostprocessing = 0;
			shellPath = /bin/sh;
			shellScript = "diff \"${PODS_ROOT}/../Podfile.lock\" \"${PODS_ROOT}/Manifest.lock\" > /dev/null\nif [[ $? != 0 ]] ; then\n    cat << EOM\nerror: The sandbox is not in sync with the Podfile.lock. Run 'pod install' or update your CocoaPods installation.\nEOM\n    exit 1\nfi\n";
			showEnvVarsInLog = 0;
		};
/* End PBXShellScriptBuildPhase section */

/* Begin PBXSourcesBuildPhase section */
		DD528AE917F693B800F8A826 /* Sources */ = {
			isa = PBXSourcesBuildPhase;
			buildActionMask = 2147483647;
			files = (
				DD0F9BA118054C8A00FFAB40 /* BookShelfViewController.m in Sources */,
				DD0F9BA418054C9800FFAB40 /* FlatViewController.m in Sources */,
				DD0F9BDF18054E8000FFAB40 /* main.m in Sources */,
				DD0F9C2718054FD500FFAB40 /* Communicator.m in Sources */,
				9A73836218078CAE00CB6BD9 /* FlatViewControllerTests.m in Sources */,
				9A73836518078CC700CB6BD9 /* RootViewController.m in Sources */,
				9A73836818078D6100CB6BD9 /* CustomTableViewCellForBookShelf.m in Sources */,
				9A73836A18078D7B00CB6BD9 /* BookDisplayView.m in Sources */,
				9A73836D18078D8900CB6BD9 /* CustomTableViewCellForFlat.m in Sources */,
				DD9B573E180FFA770069514D /* AutoLayoutControl.m in Sources */,
				9A73837018078D9D00CB6BD9 /* AppDelegate.m in Sources */,
				9A73837418078F3E00CB6BD9 /* Book.m in Sources */,
				9A73837718078F7400CB6BD9 /* BooksInfo.m in Sources */,
				9A73837A18078F8100CB6BD9 /* Image.m in Sources */,
				9A73837D18078F8B00CB6BD9 /* Rating.m in Sources */,
				9A73837F18078F9700CB6BD9 /* Tag.m in Sources */,
			);
			runOnlyForDeploymentPostprocessing = 0;
		};
		DD528B1117F693B800F8A826 /* Sources */ = {
			isa = PBXSourcesBuildPhase;
			buildActionMask = 2147483647;
			files = (
			);
			runOnlyForDeploymentPostprocessing = 0;
		};
/* End PBXSourcesBuildPhase section */

/* Begin PBXTargetDependency section */
		DD528B1C17F693B800F8A826 /* PBXTargetDependency */ = {
			isa = PBXTargetDependency;
			target = DD528AEC17F693B800F8A826 /* iReader */;
			targetProxy = DD528B1B17F693B800F8A826 /* PBXContainerItemProxy */;
		};
/* End PBXTargetDependency section */

/* Begin PBXVariantGroup section */
		DD0F9C0318054F1C00FFAB40 /* InfoPlist.strings */ = {
			isa = PBXVariantGroup;
			children = (
				DD0F9C0418054F1C00FFAB40 /* en */,
			);
			name = InfoPlist.strings;
			sourceTree = "<group>";
		};
/* End PBXVariantGroup section */

/* Begin XCBuildConfiguration section */
		DD528B2617F693B800F8A826 /* Debug */ = {
			isa = XCBuildConfiguration;
			buildSettings = {
				ALWAYS_SEARCH_USER_PATHS = NO;
				CLANG_CXX_LANGUAGE_STANDARD = "gnu++0x";
				CLANG_CXX_LIBRARY = "libc++";
				CLANG_ENABLE_OBJC_ARC = YES;
				CLANG_WARN_CONSTANT_CONVERSION = YES;
				CLANG_WARN_EMPTY_BODY = YES;
				CLANG_WARN_ENUM_CONVERSION = YES;
				CLANG_WARN_INT_CONVERSION = YES;
				CLANG_WARN__DUPLICATE_METHOD_MATCH = YES;
				"CODE_SIGN_IDENTITY[sdk=iphoneos*]" = "iPhone Developer";
				COPY_PHASE_STRIP = NO;
				GCC_C_LANGUAGE_STANDARD = gnu99;
				GCC_DYNAMIC_NO_PIC = NO;
				GCC_OPTIMIZATION_LEVEL = 0;
				GCC_PREPROCESSOR_DEFINITIONS = (
					"DEBUG=1",
					"$(inherited)",
				);
				GCC_SYMBOLS_PRIVATE_EXTERN = NO;
				GCC_WARN_ABOUT_RETURN_TYPE = YES;
				GCC_WARN_UNINITIALIZED_AUTOS = YES;
				GCC_WARN_UNUSED_VARIABLE = YES;
				IPHONEOS_DEPLOYMENT_TARGET = 6.1;
				ONLY_ACTIVE_ARCH = YES;
				SDKROOT = iphoneos;
				TARGETED_DEVICE_FAMILY = "1,2";
			};
			name = Debug;
		};
		DD528B2717F693B800F8A826 /* Release */ = {
			isa = XCBuildConfiguration;
			buildSettings = {
				ALWAYS_SEARCH_USER_PATHS = NO;
				CLANG_CXX_LANGUAGE_STANDARD = "gnu++0x";
				CLANG_CXX_LIBRARY = "libc++";
				CLANG_ENABLE_OBJC_ARC = YES;
				CLANG_WARN_CONSTANT_CONVERSION = YES;
				CLANG_WARN_EMPTY_BODY = YES;
				CLANG_WARN_ENUM_CONVERSION = YES;
				CLANG_WARN_INT_CONVERSION = YES;
				CLANG_WARN__DUPLICATE_METHOD_MATCH = YES;
				"CODE_SIGN_IDENTITY[sdk=iphoneos*]" = "iPhone Developer";
				COPY_PHASE_STRIP = YES;
				GCC_C_LANGUAGE_STANDARD = gnu99;
				GCC_WARN_ABOUT_RETURN_TYPE = YES;
				GCC_WARN_UNINITIALIZED_AUTOS = YES;
				GCC_WARN_UNUSED_VARIABLE = YES;
				IPHONEOS_DEPLOYMENT_TARGET = 6.1;
				OTHER_CFLAGS = "-DNS_BLOCK_ASSERTIONS=1";
				SDKROOT = iphoneos;
				TARGETED_DEVICE_FAMILY = "1,2";
				VALIDATE_PRODUCT = YES;
			};
			name = Release;
		};
		DD528B2917F693B800F8A826 /* Debug */ = {
			isa = XCBuildConfiguration;
			baseConfigurationReference = 8F76BDFE41A044BE82E01710 /* Pods.xcconfig */;
			buildSettings = {
				GCC_PRECOMPILE_PREFIX_HEADER = YES;
				GCC_PREFIX_HEADER = "iReader/iReader-Prefix.pch";
				INFOPLIST_FILE = "iReader/iReader-Info.plist";
				PRODUCT_NAME = "$(TARGET_NAME)";
				WRAPPER_EXTENSION = app;
			};
			name = Debug;
		};
		DD528B2A17F693B800F8A826 /* Release */ = {
			isa = XCBuildConfiguration;
			baseConfigurationReference = 8F76BDFE41A044BE82E01710 /* Pods.xcconfig */;
			buildSettings = {
				GCC_PRECOMPILE_PREFIX_HEADER = YES;
				GCC_PREFIX_HEADER = "iReader/iReader-Prefix.pch";
				INFOPLIST_FILE = "iReader/iReader-Info.plist";
				PRODUCT_NAME = "$(TARGET_NAME)";
				WRAPPER_EXTENSION = app;
			};
			name = Release;
		};
		DD528B2C17F693B800F8A826 /* Debug */ = {
			isa = XCBuildConfiguration;
			baseConfigurationReference = 8F76BDFE41A044BE82E01710 /* Pods.xcconfig */;
			buildSettings = {
				BUNDLE_LOADER = "$(BUILT_PRODUCTS_DIR)/iReader.app/iReader";
				FRAMEWORK_SEARCH_PATHS = (
					"\"$(SDKROOT)/Developer/Library/Frameworks\"",
					"\"$(DEVELOPER_LIBRARY_DIR)/Frameworks\"",
				);
				GCC_PRECOMPILE_PREFIX_HEADER = YES;
				GCC_PREFIX_HEADER = "iReader/iReader-Prefix.pch";
				INFOPLIST_FILE = "iReaderTests/iReaderTests-Info.plist";
				PRODUCT_NAME = "$(TARGET_NAME)";
				TEST_HOST = "$(BUNDLE_LOADER)";
				WRAPPER_EXTENSION = octest;
			};
			name = Debug;
		};
		DD528B2D17F693B800F8A826 /* Release */ = {
			isa = XCBuildConfiguration;
			buildSettings = {
				BUNDLE_LOADER = "$(BUILT_PRODUCTS_DIR)/iReader.app/iReader";
				FRAMEWORK_SEARCH_PATHS = (
					"\"$(SDKROOT)/Developer/Library/Frameworks\"",
					"\"$(DEVELOPER_LIBRARY_DIR)/Frameworks\"",
				);
				GCC_PRECOMPILE_PREFIX_HEADER = YES;
				GCC_PREFIX_HEADER = "iReader/iReader-Prefix.pch";
				INFOPLIST_FILE = "iReaderTests/iReaderTests-Info.plist";
				PRODUCT_NAME = "$(TARGET_NAME)";
				TEST_HOST = "$(BUNDLE_LOADER)";
				WRAPPER_EXTENSION = octest;
			};
			name = Release;
		};
/* End XCBuildConfiguration section */

/* Begin XCConfigurationList section */
		DD528AE817F693B700F8A826 /* Build configuration list for PBXProject "iReader" */ = {
			isa = XCConfigurationList;
			buildConfigurations = (
				DD528B2617F693B800F8A826 /* Debug */,
				DD528B2717F693B800F8A826 /* Release */,
			);
			defaultConfigurationIsVisible = 0;
			defaultConfigurationName = Release;
		};
		DD528B2817F693B800F8A826 /* Build configuration list for PBXNativeTarget "iReader" */ = {
			isa = XCConfigurationList;
			buildConfigurations = (
				DD528B2917F693B800F8A826 /* Debug */,
				DD528B2A17F693B800F8A826 /* Release */,
			);
			defaultConfigurationIsVisible = 0;
			defaultConfigurationName = Release;
		};
		DD528B2B17F693B800F8A826 /* Build configuration list for PBXNativeTarget "iReaderTests" */ = {
			isa = XCConfigurationList;
			buildConfigurations = (
				DD528B2C17F693B800F8A826 /* Debug */,
				DD528B2D17F693B800F8A826 /* Release */,
			);
			defaultConfigurationIsVisible = 0;
			defaultConfigurationName = Release;
		};
/* End XCConfigurationList section */
	};
	rootObject = DD528AE517F693B700F8A826 /* Project object */;
}
